
Microsoft Visual Studio Solution File, Format Version 12.00
# Visual Studio Version 16
VisualStudioVersion = 16.0.29911.84
MinimumVisualStudioVersion = 10.0.40219.1
Project("{9A19103F-16F7-4668-BE54-9A1E7A4F7556}") = "PasswordApp.Web", "PasswordApp.Web\PasswordApp.Web.csproj", "{B014C913-9F3B-4619-8F1D-2F997B80753E}"
EndProject
Project("{9A19103F-16F7-4668-BE54-9A1E7A4F7556}") = "PasswordApp.Data", "PasswordApp.Data\PasswordApp.Data.csproj", "{F7ADA9FB-C0FB-49BB-82E5-D2DB9CDC4DBC}"
EndProject
Project("{FAE04EC0-301F-11D3-BF4B-00C04F79EFBC}") = "PasswordApp.Test", "PasswordApp.Test\PasswordApp.Test.csproj", "{EB4CD784-818D-4B5A-BD92-A062A4343A75}"
EndProject
Global
	GlobalSection(SolutionConfigurationPlatforms) = preSolution
		Debug|Any CPU = Debug|Any CPU
		Release|Any CPU = Release|Any CPU
	EndGlobalSection
	GlobalSection(ProjectConfigurationPlatforms) = postSolution
		{B014C913-9F3B-4619-8F1D-2F997B80753E}.Debug|Any CPU.ActiveCfg = Debug|Any CPU
		{B014C913-9F3B-4619-8F1D-2F997B80753E}.Debug|Any CPU.Build.0 = Debug|Any CPU
		{B014C913-9F3B-4619-8F1D-2F997B80753E}.Release|Any CPU.ActiveCfg = Release|Any CPU
		{B014C913-9F3B-4619-8F1D-2F997B80753E}.Release|Any CPU.Build.0 = Release|Any CPU
		{F7ADA9FB-C0FB-49BB-82E5-D2DB9CDC4DBC}.Debug|Any CPU.ActiveCfg = Debug|Any CPU
		{F7ADA9FB-C0FB-49BB-82E5-D2DB9CDC4DBC}.Debug|Any CPU.Build.0 = Debug|Any CPU
		{F7ADA9FB-C0FB-49BB-82E5-D2DB9CDC4DBC}.Release|Any CPU.ActiveCfg = Release|Any CPU
		{F7ADA9FB-C0FB-49BB-82E5-D2DB9CDC4DBC}.Release|Any CPU.Build.0 = Release|Any CPU
		{EB4CD784-818D-4B5A-BD92-A062A4343A75}.Debug|Any CPU.ActiveCfg = Debug|Any CPU
		{EB4CD784-818D-4B5A-BD92-A062A4343A75}.Debug|Any CPU.Build.0 = Debug|Any CPU
		{EB4CD784-818D-4B5A-BD92-A062A4343A75}.Release|Any CPU.ActiveCfg = Release|Any CPU
		{EB4CD784-818D-4B5A-BD92-A062A4343A75}.Release|Any CPU.Build.0 = Release|Any CPU
	EndGlobalSection
	GlobalSection(SolutionProperties) = preSolution
		HideSolutionNode = FALSE
	EndGlobalSection
	GlobalSection(ExtensibilityGlobals) = postSolution
		SolutionGuid = {7AB0EF77-C05B-4CA1-BD8B-F55761B6A410}
	EndGlobalSection
EndGlobal
