
Microsoft Visual Studio Solution File, Format Version 12.00
# Visual Studio Version 16
VisualStudioVersion = 16.0.29806.167
MinimumVisualStudioVersion = 10.0.40219.1
Project("{9A19103F-16F7-4668-BE54-9A1E7A4F7556}") = "Stage_API", "Stage_API\Stage_API.csproj", "{66F25A86-D4DD-4080-A3FF-F4BF8603E255}"
EndProject
Project("{9A19103F-16F7-4668-BE54-9A1E7A4F7556}") = "Stage_API.Tests", "Stage_API.Tests\Stage_API.Tests.csproj", "{A4D2F63A-9AD1-4B1B-9AF2-09FF575962AA}"
EndProject
Project("{9A19103F-16F7-4668-BE54-9A1E7A4F7556}") = "Stage_API.Data", "Stage_API.Data\Stage_API.Data.csproj", "{3038DC61-F388-4514-8D41-5C3E7F9B8BA1}"
EndProject
Project("{9A19103F-16F7-4668-BE54-9A1E7A4F7556}") = "Stage_API.Domain", "Stage_API.Domain\Stage_API.Domain.csproj", "{B711FB1F-D4E0-4C86-B413-8C64DEF4790B}"
EndProject
Project("{FAE04EC0-301F-11D3-BF4B-00C04F79EFBC}") = "Stage_API.Business", "Stage_API.Business\Stage_API.Business.csproj", "{A5EC7C26-696E-4D1A-AD3A-3926527DD73A}"
EndProject
Global
	GlobalSection(SolutionConfigurationPlatforms) = preSolution
		Debug|Any CPU = Debug|Any CPU
		Release|Any CPU = Release|Any CPU
	EndGlobalSection
	GlobalSection(ProjectConfigurationPlatforms) = postSolution
		{66F25A86-D4DD-4080-A3FF-F4BF8603E255}.Debug|Any CPU.ActiveCfg = Debug|Any CPU
		{66F25A86-D4DD-4080-A3FF-F4BF8603E255}.Debug|Any CPU.Build.0 = Debug|Any CPU
		{66F25A86-D4DD-4080-A3FF-F4BF8603E255}.Release|Any CPU.ActiveCfg = Release|Any CPU
		{66F25A86-D4DD-4080-A3FF-F4BF8603E255}.Release|Any CPU.Build.0 = Release|Any CPU
		{A4D2F63A-9AD1-4B1B-9AF2-09FF575962AA}.Debug|Any CPU.ActiveCfg = Debug|Any CPU
		{A4D2F63A-9AD1-4B1B-9AF2-09FF575962AA}.Debug|Any CPU.Build.0 = Debug|Any CPU
		{A4D2F63A-9AD1-4B1B-9AF2-09FF575962AA}.Release|Any CPU.ActiveCfg = Release|Any CPU
		{A4D2F63A-9AD1-4B1B-9AF2-09FF575962AA}.Release|Any CPU.Build.0 = Release|Any CPU
		{3038DC61-F388-4514-8D41-5C3E7F9B8BA1}.Debug|Any CPU.ActiveCfg = Debug|Any CPU
		{3038DC61-F388-4514-8D41-5C3E7F9B8BA1}.Debug|Any CPU.Build.0 = Debug|Any CPU
		{3038DC61-F388-4514-8D41-5C3E7F9B8BA1}.Release|Any CPU.ActiveCfg = Release|Any CPU
		{3038DC61-F388-4514-8D41-5C3E7F9B8BA1}.Release|Any CPU.Build.0 = Release|Any CPU
		{B711FB1F-D4E0-4C86-B413-8C64DEF4790B}.Debug|Any CPU.ActiveCfg = Debug|Any CPU
		{B711FB1F-D4E0-4C86-B413-8C64DEF4790B}.Debug|Any CPU.Build.0 = Debug|Any CPU
		{B711FB1F-D4E0-4C86-B413-8C64DEF4790B}.Release|Any CPU.ActiveCfg = Release|Any CPU
		{B711FB1F-D4E0-4C86-B413-8C64DEF4790B}.Release|Any CPU.Build.0 = Release|Any CPU
		{A5EC7C26-696E-4D1A-AD3A-3926527DD73A}.Debug|Any CPU.ActiveCfg = Debug|Any CPU
		{A5EC7C26-696E-4D1A-AD3A-3926527DD73A}.Debug|Any CPU.Build.0 = Debug|Any CPU
		{A5EC7C26-696E-4D1A-AD3A-3926527DD73A}.Release|Any CPU.ActiveCfg = Release|Any CPU
		{A5EC7C26-696E-4D1A-AD3A-3926527DD73A}.Release|Any CPU.Build.0 = Release|Any CPU
	EndGlobalSection
	GlobalSection(SolutionProperties) = preSolution
		HideSolutionNode = FALSE
	EndGlobalSection
	GlobalSection(ExtensibilityGlobals) = postSolution
		SolutionGuid = {5C476172-B1AD-4C40-96BE-E936910D6B25}
	EndGlobalSection
EndGlobal
