
Microsoft Visual Studio Solution File, Format Version 12.00
# Visual Studio Version 16
VisualStudioVersion = 16.0.29318.209
MinimumVisualStudioVersion = 10.0.40219.1
Project("{FAE04EC0-301F-11D3-BF4B-00C04F79EFBC}") = "EFDemo.UI", "EFDemo.UI\EFDemo.UI.csproj", "{9EB4CBB3-68B5-4A9E-AB38-311DB47D9D65}"
EndProject
Project("{FAE04EC0-301F-11D3-BF4B-00C04F79EFBC}") = "EFDemo.Domain", "EFDemo.Domain\EFDemo.Domain.csproj", "{3B75A431-4442-459C-AE05-6C2453D29991}"
EndProject
Project("{FAE04EC0-301F-11D3-BF4B-00C04F79EFBC}") = "EFDemo.Data", "EFDemo.Data\EFDemo.Data.csproj", "{DD103F12-678A-462D-A64A-B029F335CF0B}"
EndProject
Global
	GlobalSection(SolutionConfigurationPlatforms) = preSolution
		Debug|Any CPU = Debug|Any CPU
		Release|Any CPU = Release|Any CPU
	EndGlobalSection
	GlobalSection(ProjectConfigurationPlatforms) = postSolution
		{9EB4CBB3-68B5-4A9E-AB38-311DB47D9D65}.Debug|Any CPU.ActiveCfg = Debug|Any CPU
		{9EB4CBB3-68B5-4A9E-AB38-311DB47D9D65}.Debug|Any CPU.Build.0 = Debug|Any CPU
		{9EB4CBB3-68B5-4A9E-AB38-311DB47D9D65}.Release|Any CPU.ActiveCfg = Release|Any CPU
		{9EB4CBB3-68B5-4A9E-AB38-311DB47D9D65}.Release|Any CPU.Build.0 = Release|Any CPU
		{3B75A431-4442-459C-AE05-6C2453D29991}.Debug|Any CPU.ActiveCfg = Debug|Any CPU
		{3B75A431-4442-459C-AE05-6C2453D29991}.Debug|Any CPU.Build.0 = Debug|Any CPU
		{3B75A431-4442-459C-AE05-6C2453D29991}.Release|Any CPU.ActiveCfg = Release|Any CPU
		{3B75A431-4442-459C-AE05-6C2453D29991}.Release|Any CPU.Build.0 = Release|Any CPU
		{DD103F12-678A-462D-A64A-B029F335CF0B}.Debug|Any CPU.ActiveCfg = Debug|Any CPU
		{DD103F12-678A-462D-A64A-B029F335CF0B}.Debug|Any CPU.Build.0 = Debug|Any CPU
		{DD103F12-678A-462D-A64A-B029F335CF0B}.Release|Any CPU.ActiveCfg = Release|Any CPU
		{DD103F12-678A-462D-A64A-B029F335CF0B}.Release|Any CPU.Build.0 = Release|Any CPU
	EndGlobalSection
	GlobalSection(SolutionProperties) = preSolution
		HideSolutionNode = FALSE
	EndGlobalSection
	GlobalSection(ExtensibilityGlobals) = postSolution
		SolutionGuid = {FA673879-5838-4A2E-A7DF-7EA4F30F9C06}
	EndGlobalSection
EndGlobal
