
Microsoft Visual Studio Solution File, Format Version 12.00
# Visual Studio Version 16
VisualStudioVersion = 16.0.30204.135
MinimumVisualStudioVersion = 10.0.40219.1
Project("{FAE04EC0-301F-11D3-BF4B-00C04F79EFBC}") = "OdeToFood2", "OdeToFood2\OdeToFood2.csproj", "{8E9259BA-49DD-4365-954B-222242B159B5}"
EndProject
Project("{FAE04EC0-301F-11D3-BF4B-00C04F79EFBC}") = "OdeToFood2.Data", "OdeToFood2.Data\OdeToFood2.Data.csproj", "{33E21626-1C11-4367-B677-AF3963047C35}"
EndProject
Project("{FAE04EC0-301F-11D3-BF4B-00C04F79EFBC}") = "OdeToFood2.Tests", "OdeToFood2.Tests\OdeToFood2.Tests.csproj", "{D2C3B970-6544-4543-8A95-D8D0A1CA97D6}"
EndProject
Global
	GlobalSection(SolutionConfigurationPlatforms) = preSolution
		Debug|Any CPU = Debug|Any CPU
		Release|Any CPU = Release|Any CPU
	EndGlobalSection
	GlobalSection(ProjectConfigurationPlatforms) = postSolution
		{8E9259BA-49DD-4365-954B-222242B159B5}.Debug|Any CPU.ActiveCfg = Debug|Any CPU
		{8E9259BA-49DD-4365-954B-222242B159B5}.Debug|Any CPU.Build.0 = Debug|Any CPU
		{8E9259BA-49DD-4365-954B-222242B159B5}.Release|Any CPU.ActiveCfg = Release|Any CPU
		{8E9259BA-49DD-4365-954B-222242B159B5}.Release|Any CPU.Build.0 = Release|Any CPU
		{33E21626-1C11-4367-B677-AF3963047C35}.Debug|Any CPU.ActiveCfg = Debug|Any CPU
		{33E21626-1C11-4367-B677-AF3963047C35}.Debug|Any CPU.Build.0 = Debug|Any CPU
		{33E21626-1C11-4367-B677-AF3963047C35}.Release|Any CPU.ActiveCfg = Release|Any CPU
		{33E21626-1C11-4367-B677-AF3963047C35}.Release|Any CPU.Build.0 = Release|Any CPU
		{D2C3B970-6544-4543-8A95-D8D0A1CA97D6}.Debug|Any CPU.ActiveCfg = Debug|Any CPU
		{D2C3B970-6544-4543-8A95-D8D0A1CA97D6}.Debug|Any CPU.Build.0 = Debug|Any CPU
		{D2C3B970-6544-4543-8A95-D8D0A1CA97D6}.Release|Any CPU.ActiveCfg = Release|Any CPU
		{D2C3B970-6544-4543-8A95-D8D0A1CA97D6}.Release|Any CPU.Build.0 = Release|Any CPU
	EndGlobalSection
	GlobalSection(SolutionProperties) = preSolution
		HideSolutionNode = FALSE
	EndGlobalSection
	GlobalSection(ExtensibilityGlobals) = postSolution
		SolutionGuid = {751D5FB1-D702-40A5-A533-F499B0298A64}
	EndGlobalSection
EndGlobal
