
Microsoft Visual Studio Solution File, Format Version 12.00
# Visual Studio Version 16
VisualStudioVersion = 16.0.29411.108
MinimumVisualStudioVersion = 10.0.40219.1
Project("{FAE04EC0-301F-11D3-BF4B-00C04F79EFBC}") = "EFDEMO.Data", "EFDEMO.Data\EFDEMO.Data.csproj", "{522031D5-3CC1-4C57-B659-B3E21167340A}"
EndProject
Project("{FAE04EC0-301F-11D3-BF4B-00C04F79EFBC}") = "EFDEMO.Domain", "EFDEMO.Domain\EFDEMO.Domain.csproj", "{6DC09CE1-A00E-46CF-92FF-0428034A0266}"
EndProject
Project("{FAE04EC0-301F-11D3-BF4B-00C04F79EFBC}") = "EFDEMO.UI", "EFDEMO.UI\EFDEMO.UI.csproj", "{048A057E-820A-43C1-8811-1DF5AF917730}"
EndProject
Global
	GlobalSection(SolutionConfigurationPlatforms) = preSolution
		Debug|Any CPU = Debug|Any CPU
		Release|Any CPU = Release|Any CPU
	EndGlobalSection
	GlobalSection(ProjectConfigurationPlatforms) = postSolution
		{522031D5-3CC1-4C57-B659-B3E21167340A}.Debug|Any CPU.ActiveCfg = Debug|Any CPU
		{522031D5-3CC1-4C57-B659-B3E21167340A}.Debug|Any CPU.Build.0 = Debug|Any CPU
		{522031D5-3CC1-4C57-B659-B3E21167340A}.Release|Any CPU.ActiveCfg = Release|Any CPU
		{522031D5-3CC1-4C57-B659-B3E21167340A}.Release|Any CPU.Build.0 = Release|Any CPU
		{6DC09CE1-A00E-46CF-92FF-0428034A0266}.Debug|Any CPU.ActiveCfg = Debug|Any CPU
		{6DC09CE1-A00E-46CF-92FF-0428034A0266}.Debug|Any CPU.Build.0 = Debug|Any CPU
		{6DC09CE1-A00E-46CF-92FF-0428034A0266}.Release|Any CPU.ActiveCfg = Release|Any CPU
		{6DC09CE1-A00E-46CF-92FF-0428034A0266}.Release|Any CPU.Build.0 = Release|Any CPU
		{048A057E-820A-43C1-8811-1DF5AF917730}.Debug|Any CPU.ActiveCfg = Debug|Any CPU
		{048A057E-820A-43C1-8811-1DF5AF917730}.Debug|Any CPU.Build.0 = Debug|Any CPU
		{048A057E-820A-43C1-8811-1DF5AF917730}.Release|Any CPU.ActiveCfg = Release|Any CPU
		{048A057E-820A-43C1-8811-1DF5AF917730}.Release|Any CPU.Build.0 = Release|Any CPU
	EndGlobalSection
	GlobalSection(SolutionProperties) = preSolution
		HideSolutionNode = FALSE
	EndGlobalSection
	GlobalSection(ExtensibilityGlobals) = postSolution
		SolutionGuid = {4C474BA4-87AE-4824-9FF0-BF8299A15242}
	EndGlobalSection
EndGlobal
